// !$*UTF8*$!
{
	archiveVersion = 1;
	classes = {
	};
	objectVersion = 52;
	objects = {

/* Begin PBXBuildFile section */
		377AD87024AADD92005345C5 /* MediumWidget.swift in Sources */ = {isa = PBXBuildFile; fileRef = 3791DAEA24AAAE3E002829B6 /* MediumWidget.swift */; };
		377AD87324AAE636005345C5 /* LargeWidget.swift in Sources */ = {isa = PBXBuildFile; fileRef = 377AD87124AAE5B5005345C5 /* LargeWidget.swift */; };
		3791DA8624AA3F54002829B6 /* Crehana_LiveApp.swift in Sources */ = {isa = PBXBuildFile; fileRef = 3791DA8524AA3F54002829B6 /* Crehana_LiveApp.swift */; };
		3791DA8824AA3F54002829B6 /* ContentView.swift in Sources */ = {isa = PBXBuildFile; fileRef = 3791DA8724AA3F54002829B6 /* ContentView.swift */; };
		3791DA8A24AA3F55002829B6 /* Assets.xcassets in Resources */ = {isa = PBXBuildFile; fileRef = 3791DA8924AA3F55002829B6 /* Assets.xcassets */; };
		3791DA8D24AA3F55002829B6 /* Preview Assets.xcassets in Resources */ = {isa = PBXBuildFile; fileRef = 3791DA8C24AA3F55002829B6 /* Preview Assets.xcassets */; };
		3791DA9824AA3F56002829B6 /* Crehana_LiveTests.swift in Sources */ = {isa = PBXBuildFile; fileRef = 3791DA9724AA3F56002829B6 /* Crehana_LiveTests.swift */; };
		3791DAA324AA3F56002829B6 /* Crehana_LiveUITests.swift in Sources */ = {isa = PBXBuildFile; fileRef = 3791DAA224AA3F56002829B6 /* Crehana_LiveUITests.swift */; };
		3791DAB724AA3F90002829B6 /* WidgetKit.framework in Frameworks */ = {isa = PBXBuildFile; fileRef = 3791DAB624AA3F90002829B6 /* WidgetKit.framework */; };
		3791DAB924AA3F90002829B6 /* SwiftUI.framework in Frameworks */ = {isa = PBXBuildFile; fileRef = 3791DAB824AA3F90002829B6 /* SwiftUI.framework */; };
		3791DABC24AA3F90002829B6 /* Crehana_Live_Widget.swift in Sources */ = {isa = PBXBuildFile; fileRef = 3791DABB24AA3F90002829B6 /* Crehana_Live_Widget.swift */; };
		3791DABE24AA3F91002829B6 /* Assets.xcassets in Resources */ = {isa = PBXBuildFile; fileRef = 3791DABD24AA3F91002829B6 /* Assets.xcassets */; };
		3791DAC224AA3F91002829B6 /* Crehana Live WidgetExtension.appex in Embed App Extensions */ = {isa = PBXBuildFile; fileRef = 3791DAB424AA3F90002829B6 /* Crehana Live WidgetExtension.appex */; settings = {ATTRIBUTES = (RemoveHeadersOnCopy, ); }; };
		3791DACC24AA423B002829B6 /* LiveClass.swift in Sources */ = {isa = PBXBuildFile; fileRef = 3791DACB24AA423B002829B6 /* LiveClass.swift */; };
		3791DACE24AA42DC002829B6 /* data.json in Resources */ = {isa = PBXBuildFile; fileRef = 3791DACD24AA42DC002829B6 /* data.json */; };
		3791DAD324AA4AB5002829B6 /* RemoteImageModifier.swift in Sources */ = {isa = PBXBuildFile; fileRef = 3791DAD224AA4AB5002829B6 /* RemoteImageModifier.swift */; };
		3791DAD624AA4B6B002829B6 /* KingfisherSwiftUIDynamic in Frameworks */ = {isa = PBXBuildFile; productRef = 3791DAD524AA4B6B002829B6 /* KingfisherSwiftUIDynamic */; };
		3791DAD724AA4B6B002829B6 /* KingfisherSwiftUIDynamic in Embed Frameworks */ = {isa = PBXBuildFile; productRef = 3791DAD524AA4B6B002829B6 /* KingfisherSwiftUIDynamic */; settings = {ATTRIBUTES = (CodeSignOnCopy, ); }; };
		3791DADD24AA4BB6002829B6 /* RemoteImageModifier.swift in Sources */ = {isa = PBXBuildFile; fileRef = 3791DAD224AA4AB5002829B6 /* RemoteImageModifier.swift */; };
		3791DAE024AA4D0E002829B6 /* Image.swift in Sources */ = {isa = PBXBuildFile; fileRef = 3791DADF24AA4D0E002829B6 /* Image.swift */; };
		3791DAE124AA5A7A002829B6 /* LiveClass.swift in Sources */ = {isa = PBXBuildFile; fileRef = 3791DACB24AA423B002829B6 /* LiveClass.swift */; };
		3791DAE424AA5CF4002829B6 /* WidgetRepository.swift in Sources */ = {isa = PBXBuildFile; fileRef = 3791DAE224AA5AED002829B6 /* WidgetRepository.swift */; };
		3791DAE524AA5E7C002829B6 /* SmallWidget.swift in Sources */ = {isa = PBXBuildFile; fileRef = 3791DAC724AA4157002829B6 /* SmallWidget.swift */; };
		3791DAE624AA5F31002829B6 /* Image.swift in Sources */ = {isa = PBXBuildFile; fileRef = 3791DADF24AA4D0E002829B6 /* Image.swift */; };
		3791DAE824AA63BC002829B6 /* KingfisherSwiftUIStatic in Frameworks */ = {isa = PBXBuildFile; productRef = 3791DAE724AA63BC002829B6 /* KingfisherSwiftUIStatic */; };
		3791DAE924AAA287002829B6 /* data.json in Resources */ = {isa = PBXBuildFile; fileRef = 3791DACD24AA42DC002829B6 /* data.json */; };
/* End PBXBuildFile section */

/* Begin PBXContainerItemProxy section */
		3791DA9424AA3F56002829B6 /* PBXContainerItemProxy */ = {
			isa = PBXContainerItemProxy;
			containerPortal = 3791DA7A24AA3F53002829B6 /* Project object */;
			proxyType = 1;
			remoteGlobalIDString = 3791DA8124AA3F54002829B6;
			remoteInfo = "Crehana Live";
		};
		3791DA9F24AA3F56002829B6 /* PBXContainerItemProxy */ = {
			isa = PBXContainerItemProxy;
			containerPortal = 3791DA7A24AA3F53002829B6 /* Project object */;
			proxyType = 1;
			remoteGlobalIDString = 3791DA8124AA3F54002829B6;
			remoteInfo = "Crehana Live";
		};
		3791DAC024AA3F91002829B6 /* PBXContainerItemProxy */ = {
			isa = PBXContainerItemProxy;
			containerPortal = 3791DA7A24AA3F53002829B6 /* Project object */;
			proxyType = 1;
			remoteGlobalIDString = 3791DAB324AA3F90002829B6;
			remoteInfo = "Crehana Live WidgetExtension";
		};
/* End PBXContainerItemProxy section */

/* Begin PBXCopyFilesBuildPhase section */
		3791DAC624AA3F91002829B6 /* Embed App Extensions */ = {
			isa = PBXCopyFilesBuildPhase;
			buildActionMask = 2147483647;
			dstPath = "";
			dstSubfolderSpec = 13;
			files = (
				3791DAC224AA3F91002829B6 /* Crehana Live WidgetExtension.appex in Embed App Extensions */,
			);
			name = "Embed App Extensions";
			runOnlyForDeploymentPostprocessing = 0;
		};
		3791DAD824AA4B6B002829B6 /* Embed Frameworks */ = {
			isa = PBXCopyFilesBuildPhase;
			buildActionMask = 2147483647;
			dstPath = "";
			dstSubfolderSpec = 10;
			files = (
				3791DAD724AA4B6B002829B6 /* KingfisherSwiftUIDynamic in Embed Frameworks */,
			);
			name = "Embed Frameworks";
			runOnlyForDeploymentPostprocessing = 0;
		};
		3791DADC24AA4B76002829B6 /* Embed Frameworks */ = {
			isa = PBXCopyFilesBuildPhase;
			buildActionMask = 2147483647;
			dstPath = "";
			dstSubfolderSpec = 10;
			files = (
			);
			name = "Embed Frameworks";
			runOnlyForDeploymentPostprocessing = 0;
		};
/* End PBXCopyFilesBuildPhase section */

/* Begin PBXFileReference section */
		377AD87124AAE5B5005345C5 /* LargeWidget.swift */ = {isa = PBXFileReference; lastKnownFileType = sourcecode.swift; path = LargeWidget.swift; sourceTree = "<group>"; };
		3791DA8224AA3F54002829B6 /* Crehana Live.app */ = {isa = PBXFileReference; explicitFileType = wrapper.application; includeInIndex = 0; path = "Crehana Live.app"; sourceTree = BUILT_PRODUCTS_DIR; };
		3791DA8524AA3F54002829B6 /* Crehana_LiveApp.swift */ = {isa = PBXFileReference; lastKnownFileType = sourcecode.swift; path = Crehana_LiveApp.swift; sourceTree = "<group>"; };
		3791DA8724AA3F54002829B6 /* ContentView.swift */ = {isa = PBXFileReference; lastKnownFileType = sourcecode.swift; path = ContentView.swift; sourceTree = "<group>"; };
		3791DA8924AA3F55002829B6 /* Assets.xcassets */ = {isa = PBXFileReference; lastKnownFileType = folder.assetcatalog; path = Assets.xcassets; sourceTree = "<group>"; };
		3791DA8C24AA3F55002829B6 /* Preview Assets.xcassets */ = {isa = PBXFileReference; lastKnownFileType = folder.assetcatalog; path = "Preview Assets.xcassets"; sourceTree = "<group>"; };
		3791DA8E24AA3F55002829B6 /* Info.plist */ = {isa = PBXFileReference; lastKnownFileType = text.plist.xml; path = Info.plist; sourceTree = "<group>"; };
		3791DA9324AA3F56002829B6 /* Crehana LiveTests.xctest */ = {isa = PBXFileReference; explicitFileType = wrapper.cfbundle; includeInIndex = 0; path = "Crehana LiveTests.xctest"; sourceTree = BUILT_PRODUCTS_DIR; };
		3791DA9724AA3F56002829B6 /* Crehana_LiveTests.swift */ = {isa = PBXFileReference; lastKnownFileType = sourcecode.swift; path = Crehana_LiveTests.swift; sourceTree = "<group>"; };
		3791DA9924AA3F56002829B6 /* Info.plist */ = {isa = PBXFileReference; lastKnownFileType = text.plist.xml; path = Info.plist; sourceTree = "<group>"; };
		3791DA9E24AA3F56002829B6 /* Crehana LiveUITests.xctest */ = {isa = PBXFileReference; explicitFileType = wrapper.cfbundle; includeInIndex = 0; path = "Crehana LiveUITests.xctest"; sourceTree = BUILT_PRODUCTS_DIR; };
		3791DAA224AA3F56002829B6 /* Crehana_LiveUITests.swift */ = {isa = PBXFileReference; lastKnownFileType = sourcecode.swift; path = Crehana_LiveUITests.swift; sourceTree = "<group>"; };
		3791DAA424AA3F56002829B6 /* Info.plist */ = {isa = PBXFileReference; lastKnownFileType = text.plist.xml; path = Info.plist; sourceTree = "<group>"; };
		3791DAB424AA3F90002829B6 /* Crehana Live WidgetExtension.appex */ = {isa = PBXFileReference; explicitFileType = "wrapper.app-extension"; includeInIndex = 0; path = "Crehana Live WidgetExtension.appex"; sourceTree = BUILT_PRODUCTS_DIR; };
		3791DAB624AA3F90002829B6 /* WidgetKit.framework */ = {isa = PBXFileReference; lastKnownFileType = wrapper.framework; name = WidgetKit.framework; path = System/Library/Frameworks/WidgetKit.framework; sourceTree = SDKROOT; };
		3791DAB824AA3F90002829B6 /* SwiftUI.framework */ = {isa = PBXFileReference; lastKnownFileType = wrapper.framework; name = SwiftUI.framework; path = System/Library/Frameworks/SwiftUI.framework; sourceTree = SDKROOT; };
		3791DABB24AA3F90002829B6 /* Crehana_Live_Widget.swift */ = {isa = PBXFileReference; lastKnownFileType = sourcecode.swift; path = Crehana_Live_Widget.swift; sourceTree = "<group>"; };
		3791DABD24AA3F91002829B6 /* Assets.xcassets */ = {isa = PBXFileReference; lastKnownFileType = folder.assetcatalog; path = Assets.xcassets; sourceTree = "<group>"; };
		3791DABF24AA3F91002829B6 /* Info.plist */ = {isa = PBXFileReference; lastKnownFileType = text.plist.xml; path = Info.plist; sourceTree = "<group>"; };
		3791DAC724AA4157002829B6 /* SmallWidget.swift */ = {isa = PBXFileReference; lastKnownFileType = sourcecode.swift; path = SmallWidget.swift; sourceTree = "<group>"; };
		3791DACB24AA423B002829B6 /* LiveClass.swift */ = {isa = PBXFileReference; lastKnownFileType = sourcecode.swift; path = LiveClass.swift; sourceTree = "<group>"; };
		3791DACD24AA42DC002829B6 /* data.json */ = {isa = PBXFileReference; fileEncoding = 4; lastKnownFileType = text.json; path = data.json; sourceTree = "<group>"; };
		3791DAD224AA4AB5002829B6 /* RemoteImageModifier.swift */ = {isa = PBXFileReference; fileEncoding = 4; lastKnownFileType = sourcecode.swift; path = RemoteImageModifier.swift; sourceTree = "<group>"; };
		3791DADF24AA4D0E002829B6 /* Image.swift */ = {isa = PBXFileReference; fileEncoding = 4; lastKnownFileType = sourcecode.swift; path = Image.swift; sourceTree = "<group>"; };
		3791DAE224AA5AED002829B6 /* WidgetRepository.swift */ = {isa = PBXFileReference; lastKnownFileType = sourcecode.swift; path = WidgetRepository.swift; sourceTree = "<group>"; };
		3791DAEA24AAAE3E002829B6 /* MediumWidget.swift */ = {isa = PBXFileReference; lastKnownFileType = sourcecode.swift; path = MediumWidget.swift; sourceTree = "<group>"; };
/* End PBXFileReference section */

/* Begin PBXFrameworksBuildPhase section */
		3791DA7F24AA3F54002829B6 /* Frameworks */ = {
			isa = PBXFrameworksBuildPhase;
			buildActionMask = 2147483647;
			files = (
				3791DAD624AA4B6B002829B6 /* KingfisherSwiftUIDynamic in Frameworks */,
			);
			runOnlyForDeploymentPostprocessing = 0;
		};
		3791DA9024AA3F56002829B6 /* Frameworks */ = {
			isa = PBXFrameworksBuildPhase;
			buildActionMask = 2147483647;
			files = (
			);
			runOnlyForDeploymentPostprocessing = 0;
		};
		3791DA9B24AA3F56002829B6 /* Frameworks */ = {
			isa = PBXFrameworksBuildPhase;
			buildActionMask = 2147483647;
			files = (
			);
			runOnlyForDeploymentPostprocessing = 0;
		};
		3791DAB124AA3F90002829B6 /* Frameworks */ = {
			isa = PBXFrameworksBuildPhase;
			buildActionMask = 2147483647;
			files = (
				3791DAB924AA3F90002829B6 /* SwiftUI.framework in Frameworks */,
				3791DAB724AA3F90002829B6 /* WidgetKit.framework in Frameworks */,
				3791DAE824AA63BC002829B6 /* KingfisherSwiftUIStatic in Frameworks */,
			);
			runOnlyForDeploymentPostprocessing = 0;
		};
/* End PBXFrameworksBuildPhase section */

/* Begin PBXGroup section */
		3791DA7924AA3F53002829B6 = {
			isa = PBXGroup;
			children = (
				3791DA8424AA3F54002829B6 /* Crehana Live */,
				3791DA9624AA3F56002829B6 /* Crehana LiveTests */,
				3791DAA124AA3F56002829B6 /* Crehana LiveUITests */,
				3791DABA24AA3F90002829B6 /* Crehana Live Widget */,
				3791DAB524AA3F90002829B6 /* Frameworks */,
				3791DA8324AA3F54002829B6 /* Products */,
			);
			sourceTree = "<group>";
		};
		3791DA8324AA3F54002829B6 /* Products */ = {
			isa = PBXGroup;
			children = (
				3791DA8224AA3F54002829B6 /* Crehana Live.app */,
				3791DA9324AA3F56002829B6 /* Crehana LiveTests.xctest */,
				3791DA9E24AA3F56002829B6 /* Crehana LiveUITests.xctest */,
				3791DAB424AA3F90002829B6 /* Crehana Live WidgetExtension.appex */,
			);
			name = Products;
			sourceTree = "<group>";
		};
		3791DA8424AA3F54002829B6 /* Crehana Live */ = {
			isa = PBXGroup;
			children = (
				3791DACF24AA4A99002829B6 /* Utils */,
				3791DAC924AA4184002829B6 /* LiveClasses */,
				3791DA8524AA3F54002829B6 /* Crehana_LiveApp.swift */,
				3791DA8724AA3F54002829B6 /* ContentView.swift */,
				3791DA8924AA3F55002829B6 /* Assets.xcassets */,
				3791DA8E24AA3F55002829B6 /* Info.plist */,
				3791DA8B24AA3F55002829B6 /* Preview Content */,
			);
			path = "Crehana Live";
			sourceTree = "<group>";
		};
		3791DA8B24AA3F55002829B6 /* Preview Content */ = {
			isa = PBXGroup;
			children = (
				3791DA8C24AA3F55002829B6 /* Preview Assets.xcassets */,
			);
			path = "Preview Content";
			sourceTree = "<group>";
		};
		3791DA9624AA3F56002829B6 /* Crehana LiveTests */ = {
			isa = PBXGroup;
			children = (
				3791DA9724AA3F56002829B6 /* Crehana_LiveTests.swift */,
				3791DA9924AA3F56002829B6 /* Info.plist */,
			);
			path = "Crehana LiveTests";
			sourceTree = "<group>";
		};
		3791DAA124AA3F56002829B6 /* Crehana LiveUITests */ = {
			isa = PBXGroup;
			children = (
				3791DAA224AA3F56002829B6 /* Crehana_LiveUITests.swift */,
				3791DAA424AA3F56002829B6 /* Info.plist */,
			);
			path = "Crehana LiveUITests";
			sourceTree = "<group>";
		};
		3791DAB524AA3F90002829B6 /* Frameworks */ = {
			isa = PBXGroup;
			children = (
				3791DAB624AA3F90002829B6 /* WidgetKit.framework */,
				3791DAB824AA3F90002829B6 /* SwiftUI.framework */,
			);
			name = Frameworks;
			sourceTree = "<group>";
		};
		3791DABA24AA3F90002829B6 /* Crehana Live Widget */ = {
			isa = PBXGroup;
			children = (
				3791DACD24AA42DC002829B6 /* data.json */,
				3791DABB24AA3F90002829B6 /* Crehana_Live_Widget.swift */,
				3791DAC724AA4157002829B6 /* SmallWidget.swift */,
				3791DAEA24AAAE3E002829B6 /* MediumWidget.swift */,
				377AD87124AAE5B5005345C5 /* LargeWidget.swift */,
				3791DAE224AA5AED002829B6 /* WidgetRepository.swift */,
				3791DABD24AA3F91002829B6 /* Assets.xcassets */,
				3791DABF24AA3F91002829B6 /* Info.plist */,
			);
			path = "Crehana Live Widget";
			sourceTree = "<group>";
		};
		3791DAC924AA4184002829B6 /* LiveClasses */ = {
			isa = PBXGroup;
			children = (
				3791DACA24AA420B002829B6 /* Domain */,
			);
			path = LiveClasses;
			sourceTree = "<group>";
		};
		3791DACA24AA420B002829B6 /* Domain */ = {
			isa = PBXGroup;
			children = (
				3791DACB24AA423B002829B6 /* LiveClass.swift */,
			);
			path = Domain;
			sourceTree = "<group>";
		};
		3791DACF24AA4A99002829B6 /* Utils */ = {
			isa = PBXGroup;
			children = (
				3791DAD124AA4AB5002829B6 /* Modifier */,
				3791DADE24AA4CE2002829B6 /* Extensions */,
			);
			path = Utils;
			sourceTree = "<group>";
		};
		3791DAD124AA4AB5002829B6 /* Modifier */ = {
			isa = PBXGroup;
			children = (
				3791DAD224AA4AB5002829B6 /* RemoteImageModifier.swift */,
			);
			path = Modifier;
			sourceTree = "<group>";
		};
		3791DADE24AA4CE2002829B6 /* Extensions */ = {
			isa = PBXGroup;
			children = (
				3791DADF24AA4D0E002829B6 /* Image.swift */,
			);
			path = Extensions;
			sourceTree = "<group>";
		};
/* End PBXGroup section */

/* Begin PBXNativeTarget section */
		3791DA8124AA3F54002829B6 /* Crehana Live */ = {
			isa = PBXNativeTarget;
			buildConfigurationList = 3791DAA724AA3F56002829B6 /* Build configuration list for PBXNativeTarget "Crehana Live" */;
			buildPhases = (
				3791DA7E24AA3F54002829B6 /* Sources */,
				3791DA7F24AA3F54002829B6 /* Frameworks */,
				3791DA8024AA3F54002829B6 /* Resources */,
				3791DAC624AA3F91002829B6 /* Embed App Extensions */,
				3791DAD824AA4B6B002829B6 /* Embed Frameworks */,
			);
			buildRules = (
			);
			dependencies = (
				3791DAC124AA3F91002829B6 /* PBXTargetDependency */,
			);
			name = "Crehana Live";
			packageProductDependencies = (
				3791DAD524AA4B6B002829B6 /* KingfisherSwiftUIDynamic */,
			);
			productName = "Crehana Live";
			productReference = 3791DA8224AA3F54002829B6 /* Crehana Live.app */;
			productType = "com.apple.product-type.application";
		};
		3791DA9224AA3F56002829B6 /* Crehana LiveTests */ = {
			isa = PBXNativeTarget;
			buildConfigurationList = 3791DAAA24AA3F56002829B6 /* Build configuration list for PBXNativeTarget "Crehana LiveTests" */;
			buildPhases = (
				3791DA8F24AA3F56002829B6 /* Sources */,
				3791DA9024AA3F56002829B6 /* Frameworks */,
				3791DA9124AA3F56002829B6 /* Resources */,
			);
			buildRules = (
			);
			dependencies = (
				3791DA9524AA3F56002829B6 /* PBXTargetDependency */,
			);
			name = "Crehana LiveTests";
			productName = "Crehana LiveTests";
			productReference = 3791DA9324AA3F56002829B6 /* Crehana LiveTests.xctest */;
			productType = "com.apple.product-type.bundle.unit-test";
		};
		3791DA9D24AA3F56002829B6 /* Crehana LiveUITests */ = {
			isa = PBXNativeTarget;
			buildConfigurationList = 3791DAAD24AA3F56002829B6 /* Build configuration list for PBXNativeTarget "Crehana LiveUITests" */;
			buildPhases = (
				3791DA9A24AA3F56002829B6 /* Sources */,
				3791DA9B24AA3F56002829B6 /* Frameworks */,
				3791DA9C24AA3F56002829B6 /* Resources */,
			);
			buildRules = (
			);
			dependencies = (
				3791DAA024AA3F56002829B6 /* PBXTargetDependency */,
			);
			name = "Crehana LiveUITests";
			productName = "Crehana LiveUITests";
			productReference = 3791DA9E24AA3F56002829B6 /* Crehana LiveUITests.xctest */;
			productType = "com.apple.product-type.bundle.ui-testing";
		};
		3791DAB324AA3F90002829B6 /* Crehana Live WidgetExtension */ = {
			isa = PBXNativeTarget;
			buildConfigurationList = 3791DAC324AA3F91002829B6 /* Build configuration list for PBXNativeTarget "Crehana Live WidgetExtension" */;
			buildPhases = (
				3791DAB024AA3F90002829B6 /* Sources */,
				3791DAB124AA3F90002829B6 /* Frameworks */,
				3791DAB224AA3F90002829B6 /* Resources */,
				3791DADC24AA4B76002829B6 /* Embed Frameworks */,
			);
			buildRules = (
			);
			dependencies = (
			);
			name = "Crehana Live WidgetExtension";
			packageProductDependencies = (
				3791DAE724AA63BC002829B6 /* KingfisherSwiftUIStatic */,
			);
			productName = "Crehana Live WidgetExtension";
			productReference = 3791DAB424AA3F90002829B6 /* Crehana Live WidgetExtension.appex */;
			productType = "com.apple.product-type.app-extension";
		};
/* End PBXNativeTarget section */

/* Begin PBXProject section */
		3791DA7A24AA3F53002829B6 /* Project object */ = {
			isa = PBXProject;
			attributes = {
				LastSwiftUpdateCheck = 1200;
				LastUpgradeCheck = 1200;
				TargetAttributes = {
					3791DA8124AA3F54002829B6 = {
						CreatedOnToolsVersion = 12.0;
					};
					3791DA9224AA3F56002829B6 = {
						CreatedOnToolsVersion = 12.0;
						TestTargetID = 3791DA8124AA3F54002829B6;
					};
					3791DA9D24AA3F56002829B6 = {
						CreatedOnToolsVersion = 12.0;
						TestTargetID = 3791DA8124AA3F54002829B6;
					};
					3791DAB324AA3F90002829B6 = {
						CreatedOnToolsVersion = 12.0;
					};
				};
			};
			buildConfigurationList = 3791DA7D24AA3F54002829B6 /* Build configuration list for PBXProject "Crehana Live" */;
			compatibilityVersion = "Xcode 9.3";
			developmentRegion = en;
			hasScannedForEncodings = 0;
			knownRegions = (
				en,
				Base,
			);
			mainGroup = 3791DA7924AA3F53002829B6;
			packageReferences = (
				3791DAD424AA4B6A002829B6 /* XCRemoteSwiftPackageReference "Kingfisher" */,
			);
			productRefGroup = 3791DA8324AA3F54002829B6 /* Products */;
			projectDirPath = "";
			projectRoot = "";
			targets = (
				3791DA8124AA3F54002829B6 /* Crehana Live */,
				3791DA9224AA3F56002829B6 /* Crehana LiveTests */,
				3791DA9D24AA3F56002829B6 /* Crehana LiveUITests */,
				3791DAB324AA3F90002829B6 /* Crehana Live WidgetExtension */,
			);
		};
/* End PBXProject section */

/* Begin PBXResourcesBuildPhase section */
		3791DA8024AA3F54002829B6 /* Resources */ = {
			isa = PBXResourcesBuildPhase;
			buildActionMask = 2147483647;
			files = (
				3791DA8D24AA3F55002829B6 /* Preview Assets.xcassets in Resources */,
				3791DACE24AA42DC002829B6 /* data.json in Resources */,
				3791DA8A24AA3F55002829B6 /* Assets.xcassets in Resources */,
			);
			runOnlyForDeploymentPostprocessing = 0;
		};
		3791DA9124AA3F56002829B6 /* Resources */ = {
			isa = PBXResourcesBuildPhase;
			buildActionMask = 2147483647;
			files = (
			);
			runOnlyForDeploymentPostprocessing = 0;
		};
		3791DA9C24AA3F56002829B6 /* Resources */ = {
			isa = PBXResourcesBuildPhase;
			buildActionMask = 2147483647;
			files = (
			);
			runOnlyForDeploymentPostprocessing = 0;
		};
		3791DAB224AA3F90002829B6 /* Resources */ = {
			isa = PBXResourcesBuildPhase;
			buildActionMask = 2147483647;
			files = (
				3791DABE24AA3F91002829B6 /* Assets.xcassets in Resources */,
				3791DAE924AAA287002829B6 /* data.json in Resources */,
			);
			runOnlyForDeploymentPostprocessing = 0;
		};
/* End PBXResourcesBuildPhase section */

/* Begin PBXSourcesBuildPhase section */
		3791DA7E24AA3F54002829B6 /* Sources */ = {
			isa = PBXSourcesBuildPhase;
			buildActionMask = 2147483647;
			files = (
				3791DA8824AA3F54002829B6 /* ContentView.swift in Sources */,
				3791DAE024AA4D0E002829B6 /* Image.swift in Sources */,
				3791DA8624AA3F54002829B6 /* Crehana_LiveApp.swift in Sources */,
				3791DAD324AA4AB5002829B6 /* RemoteImageModifier.swift in Sources */,
				3791DACC24AA423B002829B6 /* LiveClass.swift in Sources */,
			);
			runOnlyForDeploymentPostprocessing = 0;
		};
		3791DA8F24AA3F56002829B6 /* Sources */ = {
			isa = PBXSourcesBuildPhase;
			buildActionMask = 2147483647;
			files = (
				3791DA9824AA3F56002829B6 /* Crehana_LiveTests.swift in Sources */,
			);
			runOnlyForDeploymentPostprocessing = 0;
		};
		3791DA9A24AA3F56002829B6 /* Sources */ = {
			isa = PBXSourcesBuildPhase;
			buildActionMask = 2147483647;
			files = (
				3791DAA324AA3F56002829B6 /* Crehana_LiveUITests.swift in Sources */,
			);
			runOnlyForDeploymentPostprocessing = 0;
		};
		3791DAB024AA3F90002829B6 /* Sources */ = {
			isa = PBXSourcesBuildPhase;
			buildActionMask = 2147483647;
			files = (
				3791DAE524AA5E7C002829B6 /* SmallWidget.swift in Sources */,
				3791DAE624AA5F31002829B6 /* Image.swift in Sources */,
				3791DADD24AA4BB6002829B6 /* RemoteImageModifier.swift in Sources */,
				377AD87324AAE636005345C5 /* LargeWidget.swift in Sources */,
				3791DAE424AA5CF4002829B6 /* WidgetRepository.swift in Sources */,
				377AD87024AADD92005345C5 /* MediumWidget.swift in Sources */,
				3791DABC24AA3F90002829B6 /* Crehana_Live_Widget.swift in Sources */,
				3791DAE124AA5A7A002829B6 /* LiveClass.swift in Sources */,
			);
			runOnlyForDeploymentPostprocessing = 0;
		};
/* End PBXSourcesBuildPhase section */

/* Begin PBXTargetDependency section */
		3791DA9524AA3F56002829B6 /* PBXTargetDependency */ = {
			isa = PBXTargetDependency;
			target = 3791DA8124AA3F54002829B6 /* Crehana Live */;
			targetProxy = 3791DA9424AA3F56002829B6 /* PBXContainerItemProxy */;
		};
		3791DAA024AA3F56002829B6 /* PBXTargetDependency */ = {
			isa = PBXTargetDependency;
			target = 3791DA8124AA3F54002829B6 /* Crehana Live */;
			targetProxy = 3791DA9F24AA3F56002829B6 /* PBXContainerItemProxy */;
		};
		3791DAC124AA3F91002829B6 /* PBXTargetDependency */ = {
			isa = PBXTargetDependency;
			target = 3791DAB324AA3F90002829B6 /* Crehana Live WidgetExtension */;
			targetProxy = 3791DAC024AA3F91002829B6 /* PBXContainerItemProxy */;
		};
/* End PBXTargetDependency section */

/* Begin XCBuildConfiguration section */
		3791DAA524AA3F56002829B6 /* Debug */ = {
			isa = XCBuildConfiguration;
			buildSettings = {
				ALWAYS_SEARCH_USER_PATHS = NO;
				CLANG_ANALYZER_NONNULL = YES;
				CLANG_ANALYZER_NUMBER_OBJECT_CONVERSION = YES_AGGRESSIVE;
				CLANG_CXX_LANGUAGE_STANDARD = "gnu++14";
				CLANG_CXX_LIBRARY = "libc++";
				CLANG_ENABLE_MODULES = YES;
				CLANG_ENABLE_OBJC_ARC = YES;
				CLANG_ENABLE_OBJC_WEAK = YES;
				CLANG_WARN_BLOCK_CAPTURE_AUTORELEASING = YES;
				CLANG_WARN_BOOL_CONVERSION = YES;
				CLANG_WARN_COMMA = YES;
				CLANG_WARN_CONSTANT_CONVERSION = YES;
				CLANG_WARN_DEPRECATED_OBJC_IMPLEMENTATIONS = YES;
				CLANG_WARN_DIRECT_OBJC_ISA_USAGE = YES_ERROR;
				CLANG_WARN_DOCUMENTATION_COMMENTS = YES;
				CLANG_WARN_EMPTY_BODY = YES;
				CLANG_WARN_ENUM_CONVERSION = YES;
				CLANG_WARN_INFINITE_RECURSION = YES;
				CLANG_WARN_INT_CONVERSION = YES;
				CLANG_WARN_NON_LITERAL_NULL_CONVERSION = YES;
				CLANG_WARN_OBJC_IMPLICIT_RETAIN_SELF = YES;
				CLANG_WARN_OBJC_LITERAL_CONVERSION = YES;
				CLANG_WARN_OBJC_ROOT_CLASS = YES_ERROR;
				CLANG_WARN_QUOTED_INCLUDE_IN_FRAMEWORK_HEADER = YES;
				CLANG_WARN_RANGE_LOOP_ANALYSIS = YES;
				CLANG_WARN_STRICT_PROTOTYPES = YES;
				CLANG_WARN_SUSPICIOUS_MOVE = YES;
				CLANG_WARN_UNGUARDED_AVAILABILITY = YES_AGGRESSIVE;
				CLANG_WARN_UNREACHABLE_CODE = YES;
				CLANG_WARN__DUPLICATE_METHOD_MATCH = YES;
				COPY_PHASE_STRIP = NO;
				DEBUG_INFORMATION_FORMAT = dwarf;
				ENABLE_STRICT_OBJC_MSGSEND = YES;
				ENABLE_TESTABILITY = YES;
				GCC_C_LANGUAGE_STANDARD = gnu11;
				GCC_DYNAMIC_NO_PIC = NO;
				GCC_NO_COMMON_BLOCKS = YES;
				GCC_OPTIMIZATION_LEVEL = 0;
				GCC_PREPROCESSOR_DEFINITIONS = (
					"DEBUG=1",
					"$(inherited)",
				);
				GCC_WARN_64_TO_32_BIT_CONVERSION = YES;
				GCC_WARN_ABOUT_RETURN_TYPE = YES_ERROR;
				GCC_WARN_UNDECLARED_SELECTOR = YES;
				GCC_WARN_UNINITIALIZED_AUTOS = YES_AGGRESSIVE;
				GCC_WARN_UNUSED_FUNCTION = YES;
				GCC_WARN_UNUSED_VARIABLE = YES;
				IPHONEOS_DEPLOYMENT_TARGET = 14.0;
				MTL_ENABLE_DEBUG_INFO = INCLUDE_SOURCE;
				MTL_FAST_MATH = YES;
				ONLY_ACTIVE_ARCH = YES;
				SDKROOT = iphoneos;
				SWIFT_ACTIVE_COMPILATION_CONDITIONS = DEBUG;
				SWIFT_OPTIMIZATION_LEVEL = "-Onone";
			};
			name = Debug;
		};
		3791DAA624AA3F56002829B6 /* Release */ = {
			isa = XCBuildConfiguration;
			buildSettings = {
				ALWAYS_SEARCH_USER_PATHS = NO;
				CLANG_ANALYZER_NONNULL = YES;
				CLANG_ANALYZER_NUMBER_OBJECT_CONVERSION = YES_AGGRESSIVE;
				CLANG_CXX_LANGUAGE_STANDARD = "gnu++14";
				CLANG_CXX_LIBRARY = "libc++";
				CLANG_ENABLE_MODULES = YES;
				CLANG_ENABLE_OBJC_ARC = YES;
				CLANG_ENABLE_OBJC_WEAK = YES;
				CLANG_WARN_BLOCK_CAPTURE_AUTORELEASING = YES;
				CLANG_WARN_BOOL_CONVERSION = YES;
				CLANG_WARN_COMMA = YES;
				CLANG_WARN_CONSTANT_CONVERSION = YES;
				CLANG_WARN_DEPRECATED_OBJC_IMPLEMENTATIONS = YES;
				CLANG_WARN_DIRECT_OBJC_ISA_USAGE = YES_ERROR;
				CLANG_WARN_DOCUMENTATION_COMMENTS = YES;
				CLANG_WARN_EMPTY_BODY = YES;
				CLANG_WARN_ENUM_CONVERSION = YES;
				CLANG_WARN_INFINITE_RECURSION = YES;
				CLANG_WARN_INT_CONVERSION = YES;
				CLANG_WARN_NON_LITERAL_NULL_CONVERSION = YES;
				CLANG_WARN_OBJC_IMPLICIT_RETAIN_SELF = YES;
				CLANG_WARN_OBJC_LITERAL_CONVERSION = YES;
				CLANG_WARN_OBJC_ROOT_CLASS = YES_ERROR;
				CLANG_WARN_QUOTED_INCLUDE_IN_FRAMEWORK_HEADER = YES;
				CLANG_WARN_RANGE_LOOP_ANALYSIS = YES;
				CLANG_WARN_STRICT_PROTOTYPES = YES;
				CLANG_WARN_SUSPICIOUS_MOVE = YES;
				CLANG_WARN_UNGUARDED_AVAILABILITY = YES_AGGRESSIVE;
				CLANG_WARN_UNREACHABLE_CODE = YES;
				CLANG_WARN__DUPLICATE_METHOD_MATCH = YES;
				COPY_PHASE_STRIP = NO;
				DEBUG_INFORMATION_FORMAT = "dwarf-with-dsym";
				ENABLE_NS_ASSERTIONS = NO;
				ENABLE_STRICT_OBJC_MSGSEND = YES;
				GCC_C_LANGUAGE_STANDARD = gnu11;
				GCC_NO_COMMON_BLOCKS = YES;
				GCC_WARN_64_TO_32_BIT_CONVERSION = YES;
				GCC_WARN_ABOUT_RETURN_TYPE = YES_ERROR;
				GCC_WARN_UNDECLARED_SELECTOR = YES;
				GCC_WARN_UNINITIALIZED_AUTOS = YES_AGGRESSIVE;
				GCC_WARN_UNUSED_FUNCTION = YES;
				GCC_WARN_UNUSED_VARIABLE = YES;
				IPHONEOS_DEPLOYMENT_TARGET = 14.0;
				MTL_ENABLE_DEBUG_INFO = NO;
				MTL_FAST_MATH = YES;
				SDKROOT = iphoneos;
				SWIFT_COMPILATION_MODE = wholemodule;
				SWIFT_OPTIMIZATION_LEVEL = "-O";
				VALIDATE_PRODUCT = YES;
			};
			name = Release;
		};
		3791DAA824AA3F56002829B6 /* Debug */ = {
			isa = XCBuildConfiguration;
			buildSettings = {
				ALWAYS_EMBED_SWIFT_STANDARD_LIBRARIES = YES;
				ASSETCATALOG_COMPILER_APPICON_NAME = AppIcon;
				ASSETCATALOG_COMPILER_GLOBAL_ACCENT_COLOR_NAME = AccentColor;
				CODE_SIGN_STYLE = Automatic;
				DEVELOPMENT_ASSET_PATHS = "\"Crehana Live/Preview Content\"";
				DEVELOPMENT_TEAM = D5DZX4N5C6;
				ENABLE_PREVIEWS = YES;
				INFOPLIST_FILE = "Crehana Live/Info.plist";
				IPHONEOS_DEPLOYMENT_TARGET = 14.0;
				LD_RUNPATH_SEARCH_PATHS = (
					"$(inherited)",
					"@executable_path/Frameworks",
				);
				PRODUCT_BUNDLE_IDENTIFIER = "com.nicolasr.Crehana-Live";
				PRODUCT_NAME = "$(TARGET_NAME)";
				SWIFT_VERSION = 5.0;
				TARGETED_DEVICE_FAMILY = "1,2";
			};
			name = Debug;
		};
		3791DAA924AA3F56002829B6 /* Release */ = {
			isa = XCBuildConfiguration;
			buildSettings = {
				ALWAYS_EMBED_SWIFT_STANDARD_LIBRARIES = YES;
				ASSETCATALOG_COMPILER_APPICON_NAME = AppIcon;
				ASSETCATALOG_COMPILER_GLOBAL_ACCENT_COLOR_NAME = AccentColor;
				CODE_SIGN_STYLE = Automatic;
				DEVELOPMENT_ASSET_PATHS = "\"Crehana Live/Preview Content\"";
				DEVELOPMENT_TEAM = D5DZX4N5C6;
				ENABLE_PREVIEWS = YES;
				INFOPLIST_FILE = "Crehana Live/Info.plist";
				IPHONEOS_DEPLOYMENT_TARGET = 14.0;
				LD_RUNPATH_SEARCH_PATHS = (
					"$(inherited)",
					"@executable_path/Frameworks",
				);
				PRODUCT_BUNDLE_IDENTIFIER = "com.nicolasr.Crehana-Live";
				PRODUCT_NAME = "$(TARGET_NAME)";
				SWIFT_VERSION = 5.0;
				TARGETED_DEVICE_FAMILY = "1,2";
			};
			name = Release;
		};
		3791DAAB24AA3F56002829B6 /* Debug */ = {
			isa = XCBuildConfiguration;
			buildSettings = {
				ALWAYS_EMBED_SWIFT_STANDARD_LIBRARIES = YES;
				BUNDLE_LOADER = "$(TEST_HOST)";
				CODE_SIGN_STYLE = Automatic;
				DEVELOPMENT_TEAM = D5DZX4N5C6;
				INFOPLIST_FILE = "Crehana LiveTests/Info.plist";
				IPHONEOS_DEPLOYMENT_TARGET = 14.0;
				LD_RUNPATH_SEARCH_PATHS = (
					"$(inherited)",
					"@executable_path/Frameworks",
					"@loader_path/Frameworks",
				);
				PRODUCT_BUNDLE_IDENTIFIER = "com.nicolasr.Crehana-LiveTests";
				PRODUCT_NAME = "$(TARGET_NAME)";
				SWIFT_VERSION = 5.0;
				TARGETED_DEVICE_FAMILY = "1,2";
				TEST_HOST = "$(BUILT_PRODUCTS_DIR)/Crehana Live.app/Crehana Live";
			};
			name = Debug;
		};
		3791DAAC24AA3F56002829B6 /* Release */ = {
			isa = XCBuildConfiguration;
			buildSettings = {
				ALWAYS_EMBED_SWIFT_STANDARD_LIBRARIES = YES;
				BUNDLE_LOADER = "$(TEST_HOST)";
				CODE_SIGN_STYLE = Automatic;
				DEVELOPMENT_TEAM = D5DZX4N5C6;
				INFOPLIST_FILE = "Crehana LiveTests/Info.plist";
				IPHONEOS_DEPLOYMENT_TARGET = 14.0;
				LD_RUNPATH_SEARCH_PATHS = (
					"$(inherited)",
					"@executable_path/Frameworks",
					"@loader_path/Frameworks",
				);
				PRODUCT_BUNDLE_IDENTIFIER = "com.nicolasr.Crehana-LiveTests";
				PRODUCT_NAME = "$(TARGET_NAME)";
				SWIFT_VERSION = 5.0;
				TARGETED_DEVICE_FAMILY = "1,2";
				TEST_HOST = "$(BUILT_PRODUCTS_DIR)/Crehana Live.app/Crehana Live";
			};
			name = Release;
		};
		3791DAAE24AA3F56002829B6 /* Debug */ = {
			isa = XCBuildConfiguration;
			buildSettings = {
				ALWAYS_EMBED_SWIFT_STANDARD_LIBRARIES = YES;
				CODE_SIGN_STYLE = Automatic;
				DEVELOPMENT_TEAM = D5DZX4N5C6;
				INFOPLIST_FILE = "Crehana LiveUITests/Info.plist";
				LD_RUNPATH_SEARCH_PATHS = (
					"$(inherited)",
					"@executable_path/Frameworks",
					"@loader_path/Frameworks",
				);
				PRODUCT_BUNDLE_IDENTIFIER = "com.nicolasr.Crehana-LiveUITests";
				PRODUCT_NAME = "$(TARGET_NAME)";
				SWIFT_VERSION = 5.0;
				TARGETED_DEVICE_FAMILY = "1,2";
				TEST_TARGET_NAME = "Crehana Live";
			};
			name = Debug;
		};
		3791DAAF24AA3F56002829B6 /* Release */ = {
			isa = XCBuildConfiguration;
			buildSettings = {
				ALWAYS_EMBED_SWIFT_STANDARD_LIBRARIES = YES;
				CODE_SIGN_STYLE = Automatic;
				DEVELOPMENT_TEAM = D5DZX4N5C6;
				INFOPLIST_FILE = "Crehana LiveUITests/Info.plist";
				LD_RUNPATH_SEARCH_PATHS = (
					"$(inherited)",
					"@executable_path/Frameworks",
					"@loader_path/Frameworks",
				);
				PRODUCT_BUNDLE_IDENTIFIER = "com.nicolasr.Crehana-LiveUITests";
				PRODUCT_NAME = "$(TARGET_NAME)";
				SWIFT_VERSION = 5.0;
				TARGETED_DEVICE_FAMILY = "1,2";
				TEST_TARGET_NAME = "Crehana Live";
			};
			name = Release;
		};
		3791DAC424AA3F91002829B6 /* Debug */ = {
			isa = XCBuildConfiguration;
			buildSettings = {
				ASSETCATALOG_COMPILER_GLOBAL_ACCENT_COLOR_NAME = AccentColor;
				ASSETCATALOG_COMPILER_WIDGET_BACKGROUND_COLOR_NAME = WidgetBackground;
				CODE_SIGN_STYLE = Automatic;
				DEVELOPMENT_ASSET_PATHS = "";
				DEVELOPMENT_TEAM = D5DZX4N5C6;
				INFOPLIST_FILE = "Crehana Live Widget/Info.plist";
				LD_RUNPATH_SEARCH_PATHS = (
					"$(inherited)",
					"@executable_path/Frameworks",
					"@executable_path/../../Frameworks",
				);
				PRODUCT_BUNDLE_IDENTIFIER = "com.nicolasr.Crehana-Live.Crehana-Live-Widget";
				PRODUCT_NAME = "$(TARGET_NAME)";
				SKIP_INSTALL = YES;
				SWIFT_VERSION = 5.0;
				TARGETED_DEVICE_FAMILY = "1,2";
			};
			name = Debug;
		};
		3791DAC524AA3F91002829B6 /* Release */ = {
			isa = XCBuildConfiguration;
			buildSettings = {
				ASSETCATALOG_COMPILER_GLOBAL_ACCENT_COLOR_NAME = AccentColor;
				ASSETCATALOG_COMPILER_WIDGET_BACKGROUND_COLOR_NAME = WidgetBackground;
				CODE_SIGN_STYLE = Automatic;
				DEVELOPMENT_ASSET_PATHS = "";
				DEVELOPMENT_TEAM = D5DZX4N5C6;
				INFOPLIST_FILE = "Crehana Live Widget/Info.plist";
				LD_RUNPATH_SEARCH_PATHS = (
					"$(inherited)",
					"@executable_path/Frameworks",
					"@executable_path/../../Frameworks",
				);
				PRODUCT_BUNDLE_IDENTIFIER = "com.nicolasr.Crehana-Live.Crehana-Live-Widget";
				PRODUCT_NAME = "$(TARGET_NAME)";
				SKIP_INSTALL = YES;
				SWIFT_VERSION = 5.0;
				TARGETED_DEVICE_FAMILY = "1,2";
			};
			name = Release;
		};
/* End XCBuildConfiguration section */

/* Begin XCConfigurationList section */
		3791DA7D24AA3F54002829B6 /* Build configuration list for PBXProject "Crehana Live" */ = {
			isa = XCConfigurationList;
			buildConfigurations = (
				3791DAA524AA3F56002829B6 /* Debug */,
				3791DAA624AA3F56002829B6 /* Release */,
			);
			defaultConfigurationIsVisible = 0;
			defaultConfigurationName = Release;
		};
		3791DAA724AA3F56002829B6 /* Build configuration list for PBXNativeTarget "Crehana Live" */ = {
			isa = XCConfigurationList;
			buildConfigurations = (
				3791DAA824AA3F56002829B6 /* Debug */,
				3791DAA924AA3F56002829B6 /* Release */,
			);
			defaultConfigurationIsVisible = 0;
			defaultConfigurationName = Release;
		};
		3791DAAA24AA3F56002829B6 /* Build configuration list for PBXNativeTarget "Crehana LiveTests" */ = {
			isa = XCConfigurationList;
			buildConfigurations = (
				3791DAAB24AA3F56002829B6 /* Debug */,
				3791DAAC24AA3F56002829B6 /* Release */,
			);
			defaultConfigurationIsVisible = 0;
			defaultConfigurationName = Release;
		};
		3791DAAD24AA3F56002829B6 /* Build configuration list for PBXNativeTarget "Crehana LiveUITests" */ = {
			isa = XCConfigurationList;
			buildConfigurations = (
				3791DAAE24AA3F56002829B6 /* Debug */,
				3791DAAF24AA3F56002829B6 /* Release */,
			);
			defaultConfigurationIsVisible = 0;
			defaultConfigurationName = Release;
		};
		3791DAC324AA3F91002829B6 /* Build configuration list for PBXNativeTarget "Crehana Live WidgetExtension" */ = {
			isa = XCConfigurationList;
			buildConfigurations = (
				3791DAC424AA3F91002829B6 /* Debug */,
				3791DAC524AA3F91002829B6 /* Release */,
			);
			defaultConfigurationIsVisible = 0;
			defaultConfigurationName = Release;
		};
/* End XCConfigurationList section */

/* Begin XCRemoteSwiftPackageReference section */
		3791DAD424AA4B6A002829B6 /* XCRemoteSwiftPackageReference "Kingfisher" */ = {
			isa = XCRemoteSwiftPackageReference;
			repositoryURL = "https://github.com/onevcat/Kingfisher.git";
			requirement = {
				kind = upToNextMajorVersion;
				minimumVersion = 5.14.0;
			};
		};
/* End XCRemoteSwiftPackageReference section */

/* Begin XCSwiftPackageProductDependency section */
		3791DAD524AA4B6B002829B6 /* KingfisherSwiftUIDynamic */ = {
			isa = XCSwiftPackageProductDependency;
			package = 3791DAD424AA4B6A002829B6 /* XCRemoteSwiftPackageReference "Kingfisher" */;
			productName = KingfisherSwiftUIDynamic;
		};
		3791DAE724AA63BC002829B6 /* KingfisherSwiftUIStatic */ = {
			isa = XCSwiftPackageProductDependency;
			package = 3791DAD424AA4B6A002829B6 /* XCRemoteSwiftPackageReference "Kingfisher" */;
			productName = KingfisherSwiftUIStatic;
		};
/* End XCSwiftPackageProductDependency section */
	};
	rootObject = 3791DA7A24AA3F53002829B6 /* Project object */;
}
